// !$*UTF8*$!
{
	archiveVersion = 1;
	classes = {
	};
	objectVersion = 56;
	objects = {

/* Begin PBXBuildFile section */
		4DF3553CDC473DBD73FB1827 /* Pods_ReactNativeHostExample.framework in Frameworks */ = {isa = PBXBuildFile; fileRef = 9A8635F124F6E0B577FE5572 /* Pods_ReactNativeHostExample.framework */; };
		98C7E3822A695C5B00AA82B1 /* AppDelegate.swift in Sources */ = {isa = PBXBuildFile; fileRef = 98C7E3812A695C5B00AA82B1 /* AppDelegate.swift */; };
		98C7E3842A695C5B00AA82B1 /* SceneDelegate.swift in Sources */ = {isa = PBXBuildFile; fileRef = 98C7E3832A695C5B00AA82B1 /* SceneDelegate.swift */; };
		98C7E3862A695C5B00AA82B1 /* ViewController.swift in Sources */ = {isa = PBXBuildFile; fileRef = 98C7E3852A695C5B00AA82B1 /* ViewController.swift */; };
		98C7E3892A695C5B00AA82B1 /* Main.storyboard in Resources */ = {isa = PBXBuildFile; fileRef = 98C7E3872A695C5B00AA82B1 /* Main.storyboard */; };
		98C7E38B2A695C5D00AA82B1 /* Assets.xcassets in Resources */ = {isa = PBXBuildFile; fileRef = 98C7E38A2A695C5D00AA82B1 /* Assets.xcassets */; };
		98C7E38E2A695C5D00AA82B1 /* LaunchScreen.storyboard in Resources */ = {isa = PBXBuildFile; fileRef = 98C7E38C2A695C5D00AA82B1 /* LaunchScreen.storyboard */; };
/* End PBXBuildFile section */

/* Begin PBXFileReference section */
		0FC92678DF95247F1A644A98 /* Pods-ReactNativeHostExample.debug.xcconfig */ = {isa = PBXFileReference; includeInIndex = 1; lastKnownFileType = text.xcconfig; name = "Pods-ReactNativeHostExample.debug.xcconfig"; path = "Target Support Files/Pods-ReactNativeHostExample/Pods-ReactNativeHostExample.debug.xcconfig"; sourceTree = "<group>"; };
		649AE2E4BD878D34C3DF2F3D /* Pods-ReactNativeHostExample.release.xcconfig */ = {isa = PBXFileReference; includeInIndex = 1; lastKnownFileType = text.xcconfig; name = "Pods-ReactNativeHostExample.release.xcconfig"; path = "Target Support Files/Pods-ReactNativeHostExample/Pods-ReactNativeHostExample.release.xcconfig"; sourceTree = "<group>"; };
		98C7E37E2A695C5B00AA82B1 /* ReactNativeHostExample.app */ = {isa = PBXFileReference; explicitFileType = wrapper.application; includeInIndex = 0; path = ReactNativeHostExample.app; sourceTree = BUILT_PRODUCTS_DIR; };
		98C7E3812A695C5B00AA82B1 /* AppDelegate.swift */ = {isa = PBXFileReference; lastKnownFileType = sourcecode.swift; path = AppDelegate.swift; sourceTree = "<group>"; };
		98C7E3832A695C5B00AA82B1 /* SceneDelegate.swift */ = {isa = PBXFileReference; lastKnownFileType = sourcecode.swift; path = SceneDelegate.swift; sourceTree = "<group>"; };
		98C7E3852A695C5B00AA82B1 /* ViewController.swift */ = {isa = PBXFileReference; lastKnownFileType = sourcecode.swift; path = ViewController.swift; sourceTree = "<group>"; };
		98C7E3882A695C5B00AA82B1 /* Base */ = {isa = PBXFileReference; lastKnownFileType = file.storyboard; name = Base; path = Base.lproj/Main.storyboard; sourceTree = "<group>"; };
		98C7E38A2A695C5D00AA82B1 /* Assets.xcassets */ = {isa = PBXFileReference; lastKnownFileType = folder.assetcatalog; path = Assets.xcassets; sourceTree = "<group>"; };
		98C7E38D2A695C5D00AA82B1 /* Base */ = {isa = PBXFileReference; lastKnownFileType = file.storyboard; name = Base; path = Base.lproj/LaunchScreen.storyboard; sourceTree = "<group>"; };
		98C7E38F2A695C5D00AA82B1 /* Info.plist */ = {isa = PBXFileReference; lastKnownFileType = text.plist.xml; path = Info.plist; sourceTree = "<group>"; };
		9A8635F124F6E0B577FE5572 /* Pods_ReactNativeHostExample.framework */ = {isa = PBXFileReference; explicitFileType = wrapper.framework; includeInIndex = 0; path = Pods_ReactNativeHostExample.framework; sourceTree = BUILT_PRODUCTS_DIR; };
/* End PBXFileReference section */

/* Begin PBXFrameworksBuildPhase section */
		98C7E37B2A695C5B00AA82B1 /* Frameworks */ = {
			isa = PBXFrameworksBuildPhase;
			buildActionMask = 2147483647;
			files = (
				4DF3553CDC473DBD73FB1827 /* Pods_ReactNativeHostExample.framework in Frameworks */,
			);
			runOnlyForDeploymentPostprocessing = 0;
		};
/* End PBXFrameworksBuildPhase section */

/* Begin PBXGroup section */
		83DFB11F02011B6872AC723C /* Pods */ = {
			isa = PBXGroup;
			children = (
				0FC92678DF95247F1A644A98 /* Pods-ReactNativeHostExample.debug.xcconfig */,
				649AE2E4BD878D34C3DF2F3D /* Pods-ReactNativeHostExample.release.xcconfig */,
			);
			name = Pods;
			path = Pods;
			sourceTree = "<group>";
		};
		98C7E3752A695C5B00AA82B1 = {
			isa = PBXGroup;
			children = (
				98C7E3802A695C5B00AA82B1 /* ReactNativeHostExample */,
				98C7E37F2A695C5B00AA82B1 /* Products */,
				83DFB11F02011B6872AC723C /* Pods */,
				E421B067A9EC1EEAE593A631 /* Frameworks */,
			);
			sourceTree = "<group>";
		};
		98C7E37F2A695C5B00AA82B1 /* Products */ = {
			isa = PBXGroup;
			children = (
				98C7E37E2A695C5B00AA82B1 /* ReactNativeHostExample.app */,
			);
			name = Products;
			sourceTree = "<group>";
		};
		98C7E3802A695C5B00AA82B1 /* ReactNativeHostExample */ = {
			isa = PBXGroup;
			children = (
				98C7E3812A695C5B00AA82B1 /* AppDelegate.swift */,
				98C7E3832A695C5B00AA82B1 /* SceneDelegate.swift */,
				98C7E3852A695C5B00AA82B1 /* ViewController.swift */,
				98C7E3872A695C5B00AA82B1 /* Main.storyboard */,
				98C7E38A2A695C5D00AA82B1 /* Assets.xcassets */,
				98C7E38C2A695C5D00AA82B1 /* LaunchScreen.storyboard */,
				98C7E38F2A695C5D00AA82B1 /* Info.plist */,
			);
			path = ReactNativeHostExample;
			sourceTree = "<group>";
		};
		E421B067A9EC1EEAE593A631 /* Frameworks */ = {
			isa = PBXGroup;
			children = (
				9A8635F124F6E0B577FE5572 /* Pods_ReactNativeHostExample.framework */,
			);
			name = Frameworks;
			sourceTree = "<group>";
		};
/* End PBXGroup section */

/* Begin PBXNativeTarget section */
		98C7E37D2A695C5B00AA82B1 /* ReactNativeHostExample */ = {
			isa = PBXNativeTarget;
			buildConfigurationList = 98C7E3922A695C5D00AA82B1 /* Build configuration list for PBXNativeTarget "ReactNativeHostExample" */;
			buildPhases = (
				25FEBAB1BF2F9487CEF92F9A /* [CP] Check Pods Manifest.lock */,
				98C7E37A2A695C5B00AA82B1 /* Sources */,
				98C7E37B2A695C5B00AA82B1 /* Frameworks */,
				98C7E37C2A695C5B00AA82B1 /* Resources */,
				EE33B09FF995687764E8A838 /* [CP] Embed Pods Frameworks */,
			);
			buildRules = (
			);
			dependencies = (
			);
			name = ReactNativeHostExample;
			productName = ReactNativeHostExample;
			productReference = 98C7E37E2A695C5B00AA82B1 /* ReactNativeHostExample.app */;
			productType = "com.apple.product-type.application";
		};
/* End PBXNativeTarget section */

/* Begin PBXProject section */
		98C7E3762A695C5B00AA82B1 /* Project object */ = {
			isa = PBXProject;
			attributes = {
				BuildIndependentTargetsInParallel = 1;
				LastSwiftUpdateCheck = 1430;
				LastUpgradeCheck = 1430;
				TargetAttributes = {
					98C7E37D2A695C5B00AA82B1 = {
						CreatedOnToolsVersion = 14.3.1;
					};
				};
			};
			buildConfigurationList = 98C7E3792A695C5B00AA82B1 /* Build configuration list for PBXProject "ReactNativeHostExample" */;
			compatibilityVersion = "Xcode 14.0";
			developmentRegion = en;
			hasScannedForEncodings = 0;
			knownRegions = (
				en,
				Base,
			);
			mainGroup = 98C7E3752A695C5B00AA82B1;
			productRefGroup = 98C7E37F2A695C5B00AA82B1 /* Products */;
			projectDirPath = "";
			projectRoot = "";
			targets = (
				98C7E37D2A695C5B00AA82B1 /* ReactNativeHostExample */,
			);
		};
/* End PBXProject section */

/* Begin PBXResourcesBuildPhase section */
		98C7E37C2A695C5B00AA82B1 /* Resources */ = {
			isa = PBXResourcesBuildPhase;
			buildActionMask = 2147483647;
			files = (
				98C7E38E2A695C5D00AA82B1 /* LaunchScreen.storyboard in Resources */,
				98C7E38B2A695C5D00AA82B1 /* Assets.xcassets in Resources */,
				98C7E3892A695C5B00AA82B1 /* Main.storyboard in Resources */,
			);
			runOnlyForDeploymentPostprocessing = 0;
		};
/* End PBXResourcesBuildPhase section */

/* Begin PBXShellScriptBuildPhase section */
		25FEBAB1BF2F9487CEF92F9A /* [CP] Check Pods Manifest.lock */ = {
			isa = PBXShellScriptBuildPhase;
			buildActionMask = 2147483647;
			files = (
			);
			inputFileListPaths = (
			);
			inputPaths = (
				"${PODS_PODFILE_DIR_PATH}/Podfile.lock",
				"${PODS_ROOT}/Manifest.lock",
			);
			name = "[CP] Check Pods Manifest.lock";
			outputFileListPaths = (
			);
			outputPaths = (
				"$(DERIVED_FILE_DIR)/Pods-ReactNativeHostExample-checkManifestLockResult.txt",
			);
			runOnlyForDeploymentPostprocessing = 0;
			shellPath = /bin/sh;
			shellScript = "diff \"${PODS_PODFILE_DIR_PATH}/Podfile.lock\" \"${PODS_ROOT}/Manifest.lock\" > /dev/null\nif [ $? != 0 ] ; then\n    # print error to STDERR\n    echo \"error: The sandbox is not in sync with the Podfile.lock. Run 'pod install' or update your CocoaPods installation.\" >&2\n    exit 1\nfi\n# This output is used by Xcode 'outputs' to avoid re-running this script phase.\necho \"SUCCESS\" > \"${SCRIPT_OUTPUT_FILE_0}\"\n";
			showEnvVarsInLog = 0;
		};
		EE33B09FF995687764E8A838 /* [CP] Embed Pods Frameworks */ = {
			isa = PBXShellScriptBuildPhase;
			buildActionMask = 2147483647;
			files = (
			);
			inputFileListPaths = (
				"${PODS_ROOT}/Target Support Files/Pods-ReactNativeHostExample/Pods-ReactNativeHostExample-frameworks-${CONFIGURATION}-input-files.xcfilelist",
			);
			name = "[CP] Embed Pods Frameworks";
			outputFileListPaths = (
				"${PODS_ROOT}/Target Support Files/Pods-ReactNativeHostExample/Pods-ReactNativeHostExample-frameworks-${CONFIGURATION}-output-files.xcfilelist",
			);
			runOnlyForDeploymentPostprocessing = 0;
			shellPath = /bin/sh;
			shellScript = "\"${PODS_ROOT}/Target Support Files/Pods-ReactNativeHostExample/Pods-ReactNativeHostExample-frameworks.sh\"\n";
			showEnvVarsInLog = 0;
		};
/* End PBXShellScriptBuildPhase section */

/* Begin PBXSourcesBuildPhase section */
		98C7E37A2A695C5B00AA82B1 /* Sources */ = {
			isa = PBXSourcesBuildPhase;
			buildActionMask = 2147483647;
			files = (
				98C7E3862A695C5B00AA82B1 /* ViewController.swift in Sources */,
				98C7E3822A695C5B00AA82B1 /* AppDelegate.swift in Sources */,
				98C7E3842A695C5B00AA82B1 /* SceneDelegate.swift in Sources */,
			);
			runOnlyForDeploymentPostprocessing = 0;
		};
/* End PBXSourcesBuildPhase section */

/* Begin PBXVariantGroup section */
		98C7E3872A695C5B00AA82B1 /* Main.storyboard */ = {
			isa = PBXVariantGroup;
			children = (
				98C7E3882A695C5B00AA82B1 /* Base */,
			);
			name = Main.storyboard;
			sourceTree = "<group>";
		};
		98C7E38C2A695C5D00AA82B1 /* LaunchScreen.storyboard */ = {
			isa = PBXVariantGroup;
			children = (
				98C7E38D2A695C5D00AA82B1 /* Base */,
			);
			name = LaunchScreen.storyboard;
			sourceTree = "<group>";
		};
/* End PBXVariantGroup section */

/* Begin XCBuildConfiguration section */
		98C7E3902A695C5D00AA82B1 /* Debug */ = {
			isa = XCBuildConfiguration;
			buildSettings = {
				ALWAYS_SEARCH_USER_PATHS = NO;
				CLANG_ANALYZER_NONNULL = YES;
				CLANG_ANALYZER_NUMBER_OBJECT_CONVERSION = YES_AGGRESSIVE;
				CLANG_CXX_LANGUAGE_STANDARD = "c++17";
				CLANG_ENABLE_MODULES = YES;
				CLANG_ENABLE_OBJC_ARC = YES;
				CLANG_ENABLE_OBJC_WEAK = YES;
				CLANG_WARN_BLOCK_CAPTURE_AUTORELEASING = YES;
				CLANG_WARN_BOOL_CONVERSION = YES;
				CLANG_WARN_COMMA = YES;
				CLANG_WARN_CONSTANT_CONVERSION = YES;
				CLANG_WARN_DEPRECATED_OBJC_IMPLEMENTATIONS = YES;
				CLANG_WARN_DIRECT_OBJC_ISA_USAGE = YES_ERROR;
				CLANG_WARN_DOCUMENTATION_COMMENTS = YES;
				CLANG_WARN_EMPTY_BODY = YES;
				CLANG_WARN_ENUM_CONVERSION = YES;
				CLANG_WARN_INFINITE_RECURSION = YES;
				CLANG_WARN_INT_CONVERSION = YES;
				CLANG_WARN_NON_LITERAL_NULL_CONVERSION = YES;
				CLANG_WARN_OBJC_IMPLICIT_RETAIN_SELF = YES;
				CLANG_WARN_OBJC_LITERAL_CONVERSION = YES;
				CLANG_WARN_OBJC_ROOT_CLASS = YES_ERROR;
				CLANG_WARN_QUOTED_INCLUDE_IN_FRAMEWORK_HEADER = YES;
				CLANG_WARN_RANGE_LOOP_ANALYSIS = YES;
				CLANG_WARN_STRICT_PROTOTYPES = YES;
				CLANG_WARN_SUSPICIOUS_MOVE = YES;
				CLANG_WARN_UNGUARDED_AVAILABILITY = YES_AGGRESSIVE;
				CLANG_WARN_UNREACHABLE_CODE = YES;
				CLANG_WARN__DUPLICATE_METHOD_MATCH = YES;
				COPY_PHASE_STRIP = NO;
				DEBUG_INFORMATION_FORMAT = dwarf;
				ENABLE_STRICT_OBJC_MSGSEND = YES;
				ENABLE_TESTABILITY = YES;
				"EXCLUDED_ARCHS[sdk=iphonesimulator*]" = i386;
				GCC_C_LANGUAGE_STANDARD = gnu11;
				GCC_DYNAMIC_NO_PIC = NO;
				GCC_NO_COMMON_BLOCKS = YES;
				GCC_OPTIMIZATION_LEVEL = 0;
				GCC_PREPROCESSOR_DEFINITIONS = (
					"DEBUG=1",
					"$(inherited)",
				);
				GCC_WARN_64_TO_32_BIT_CONVERSION = YES;
				GCC_WARN_ABOUT_RETURN_TYPE = YES_ERROR;
				GCC_WARN_UNDECLARED_SELECTOR = YES;
				GCC_WARN_UNINITIALIZED_AUTOS = YES_AGGRESSIVE;
				GCC_WARN_UNUSED_FUNCTION = YES;
				GCC_WARN_UNUSED_VARIABLE = YES;
				IPHONEOS_DEPLOYMENT_TARGET = 16.4;
				MTL_ENABLE_DEBUG_INFO = INCLUDE_SOURCE;
				MTL_FAST_MATH = YES;
				ONLY_ACTIVE_ARCH = YES;
				REACT_NATIVE_PATH = "${PODS_ROOT}/../../node_modules/react-native";
				SDKROOT = iphoneos;
				SWIFT_ACTIVE_COMPILATION_CONDITIONS = DEBUG;
				SWIFT_OPTIMIZATION_LEVEL = "-Onone";
			};
			name = Debug;
		};
		98C7E3912A695C5D00AA82B1 /* Release */ = {
			isa = XCBuildConfiguration;
			buildSettings = {
				ALWAYS_SEARCH_USER_PATHS = NO;
				CLANG_ANALYZER_NONNULL = YES;
				CLANG_ANALYZER_NUMBER_OBJECT_CONVERSION = YES_AGGRESSIVE;
				CLANG_CXX_LANGUAGE_STANDARD = "c++17";
				CLANG_ENABLE_MODULES = YES;
				CLANG_ENABLE_OBJC_ARC = YES;
				CLANG_ENABLE_OBJC_WEAK = YES;
				CLANG_WARN_BLOCK_CAPTURE_AUTORELEASING = YES;
				CLANG_WARN_BOOL_CONVERSION = YES;
				CLANG_WARN_COMMA = YES;
				CLANG_WARN_CONSTANT_CONVERSION = YES;
				CLANG_WARN_DEPRECATED_OBJC_IMPLEMENTATIONS = YES;
				CLANG_WARN_DIRECT_OBJC_ISA_USAGE = YES_ERROR;
				CLANG_WARN_DOCUMENTATION_COMMENTS = YES;
				CLANG_WARN_EMPTY_BODY = YES;
				CLANG_WARN_ENUM_CONVERSION = YES;
				CLANG_WARN_INFINITE_RECURSION = YES;
				CLANG_WARN_INT_CONVERSION = YES;
				CLANG_WARN_NON_LITERAL_NULL_CONVERSION = YES;
				CLANG_WARN_OBJC_IMPLICIT_RETAIN_SELF = YES;
				CLANG_WARN_OBJC_LITERAL_CONVERSION = YES;
				CLANG_WARN_OBJC_ROOT_CLASS = YES_ERROR;
				CLANG_WARN_QUOTED_INCLUDE_IN_FRAMEWORK_HEADER = YES;
				CLANG_WARN_RANGE_LOOP_ANALYSIS = YES;
				CLANG_WARN_STRICT_PROTOTYPES = YES;
				CLANG_WARN_SUSPICIOUS_MOVE = YES;
				CLANG_WARN_UNGUARDED_AVAILABILITY = YES_AGGRESSIVE;
				CLANG_WARN_UNREACHABLE_CODE = YES;
				CLANG_WARN__DUPLICATE_METHOD_MATCH = YES;
				COPY_PHASE_STRIP = NO;
				DEBUG_INFORMATION_FORMAT = "dwarf-with-dsym";
				ENABLE_NS_ASSERTIONS = NO;
				ENABLE_STRICT_OBJC_MSGSEND = YES;
				"EXCLUDED_ARCHS[sdk=iphonesimulator*]" = i386;
				GCC_C_LANGUAGE_STANDARD = gnu11;
				GCC_NO_COMMON_BLOCKS = YES;
				GCC_WARN_64_TO_32_BIT_CONVERSION = YES;
				GCC_WARN_ABOUT_RETURN_TYPE = YES_ERROR;
				GCC_WARN_UNDECLARED_SELECTOR = YES;
				GCC_WARN_UNINITIALIZED_AUTOS = YES_AGGRESSIVE;
				GCC_WARN_UNUSED_FUNCTION = YES;
				GCC_WARN_UNUSED_VARIABLE = YES;
				IPHONEOS_DEPLOYMENT_TARGET = 16.4;
				MTL_ENABLE_DEBUG_INFO = NO;
				MTL_FAST_MATH = YES;
				REACT_NATIVE_PATH = "${PODS_ROOT}/../../node_modules/react-native";
				SDKROOT = iphoneos;
				SWIFT_COMPILATION_MODE = wholemodule;
				SWIFT_OPTIMIZATION_LEVEL = "-O";
				VALIDATE_PRODUCT = YES;
			};
			name = Release;
		};
		98C7E3932A695C5D00AA82B1 /* Debug */ = {
			isa = XCBuildConfiguration;
			baseConfigurationReference = 0FC92678DF95247F1A644A98 /* Pods-ReactNativeHostExample.debug.xcconfig */;
			buildSettings = {
				ASSETCATALOG_COMPILER_APPICON_NAME = AppIcon;
				ASSETCATALOG_COMPILER_GLOBAL_ACCENT_COLOR_NAME = AccentColor;
				CODE_SIGN_STYLE = Automatic;
				CURRENT_PROJECT_VERSION = 1;
				GENERATE_INFOPLIST_FILE = YES;
				INFOPLIST_FILE = ReactNativeHostExample/Info.plist;
				INFOPLIST_KEY_UIApplicationSupportsIndirectInputEvents = YES;
				INFOPLIST_KEY_UILaunchStoryboardName = LaunchScreen;
				INFOPLIST_KEY_UIMainStoryboardFile = Main;
				INFOPLIST_KEY_UISupportedInterfaceOrientations_iPad = "UIInterfaceOrientationPortrait UIInterfaceOrientationPortraitUpsideDown UIInterfaceOrientationLandscapeLeft UIInterfaceOrientationLandscapeRight";
				INFOPLIST_KEY_UISupportedInterfaceOrientations_iPhone = "UIInterfaceOrientationPortrait UIInterfaceOrientationLandscapeLeft UIInterfaceOrientationLandscapeRight";
				LD_RUNPATH_SEARCH_PATHS = (
					"$(inherited)",
					"@executable_path/Frameworks",
				);
				MARKETING_VERSION = 1.0;
				PRODUCT_BUNDLE_IDENTIFIER = com.brownfield.ReactNativeHostExample;
				PRODUCT_NAME = "$(TARGET_NAME)";
				SWIFT_EMIT_LOC_STRINGS = YES;
				SWIFT_VERSION = 5.0;
				TARGETED_DEVICE_FAMILY = "1,2";
			};
			name = Debug;
		};
		98C7E3942A695C5D00AA82B1 /* Release */ = {
			isa = XCBuildConfiguration;
			baseConfigurationReference = 649AE2E4BD878D34C3DF2F3D /* Pods-ReactNativeHostExample.release.xcconfig */;
			buildSettings = {
				ASSETCATALOG_COMPILER_APPICON_NAME = AppIcon;
				ASSETCATALOG_COMPILER_GLOBAL_ACCENT_COLOR_NAME = AccentColor;
				CODE_SIGN_STYLE = Automatic;
				CURRENT_PROJECT_VERSION = 1;
				GENERATE_INFOPLIST_FILE = YES;
				INFOPLIST_FILE = ReactNativeHostExample/Info.plist;
				INFOPLIST_KEY_UIApplicationSupportsIndirectInputEvents = YES;
				INFOPLIST_KEY_UILaunchStoryboardName = LaunchScreen;
				INFOPLIST_KEY_UIMainStoryboardFile = Main;
				INFOPLIST_KEY_UISupportedInterfaceOrientations_iPad = "UIInterfaceOrientationPortrait UIInterfaceOrientationPortraitUpsideDown UIInterfaceOrientationLandscapeLeft UIInterfaceOrientationLandscapeRight";
				INFOPLIST_KEY_UISupportedInterfaceOrientations_iPhone = "UIInterfaceOrientationPortrait UIInterfaceOrientationLandscapeLeft UIInterfaceOrientationLandscapeRight";
				LD_RUNPATH_SEARCH_PATHS = (
					"$(inherited)",
					"@executable_path/Frameworks",
				);
				MARKETING_VERSION = 1.0;
				PRODUCT_BUNDLE_IDENTIFIER = com.brownfield.ReactNativeHostExample;
				PRODUCT_NAME = "$(TARGET_NAME)";
				SWIFT_EMIT_LOC_STRINGS = YES;
				SWIFT_VERSION = 5.0;
				TARGETED_DEVICE_FAMILY = "1,2";
			};
			name = Release;
		};
/* End XCBuildConfiguration section */

/* Begin XCConfigurationList section */
		98C7E3792A695C5B00AA82B1 /* Build configuration list for PBXProject "ReactNativeHostExample" */ = {
			isa = XCConfigurationList;
			buildConfigurations = (
				98C7E3902A695C5D00AA82B1 /* Debug */,
				98C7E3912A695C5D00AA82B1 /* Release */,
			);
			defaultConfigurationIsVisible = 0;
			defaultConfigurationName = Release;
		};
		98C7E3922A695C5D00AA82B1 /* Build configuration list for PBXNativeTarget "ReactNativeHostExample" */ = {
			isa = XCConfigurationList;
			buildConfigurations = (
				98C7E3932A695C5D00AA82B1 /* Debug */,
				98C7E3942A695C5D00AA82B1 /* Release */,
			);
			defaultConfigurationIsVisible = 0;
			defaultConfigurationName = Release;
		};
/* End XCConfigurationList section */
	};
	rootObject = 98C7E3762A695C5B00AA82B1 /* Project object */;
}
